
Microsoft Visual Studio Solution File, Format Version 12.00
# Visual Studio Version 17
VisualStudioVersion = 17.5.33402.96
MinimumVisualStudioVersion = 10.0.40219.1
Project("{FAE04EC0-301F-11D3-BF4B-00C04F79EFBC}") = "alterzone_bot", "alterzone_bot\alterzone_bot.csproj", "{E2060F72-B895-4DCB-880D-B1E7D8160F52}"
EndProject
Global
	GlobalSection(SolutionConfigurationPlatforms) = preSolution
		Debug|Any CPU = Debug|Any CPU
		Debug|x64 = Debug|x64
		Release|Any CPU = Release|Any CPU
		Release|x64 = Release|x64
	EndGlobalSection
	GlobalSection(ProjectConfigurationPlatforms) = postSolution
		{E2060F72-B895-4DCB-880D-B1E7D8160F52}.Debug|Any CPU.ActiveCfg = Debug|Any CPU
		{E2060F72-B895-4DCB-880D-B1E7D8160F52}.Debug|Any CPU.Build.0 = Debug|Any CPU
		{E2060F72-B895-4DCB-880D-B1E7D8160F52}.Debug|x64.ActiveCfg = Debug|x64
		{E2060F72-B895-4DCB-880D-B1E7D8160F52}.Debug|x64.Build.0 = Debug|x64
		{E2060F72-B895-4DCB-880D-B1E7D8160F52}.Release|Any CPU.ActiveCfg = Release|Any CPU
		{E2060F72-B895-4DCB-880D-B1E7D8160F52}.Release|Any CPU.Build.0 = Release|Any CPU
		{E2060F72-B895-4DCB-880D-B1E7D8160F52}.Release|x64.ActiveCfg = Release|x64
		{E2060F72-B895-4DCB-880D-B1E7D8160F52}.Release|x64.Build.0 = Release|x64
	EndGlobalSection
	GlobalSection(SolutionProperties) = preSolution
		HideSolutionNode = FALSE
	EndGlobalSection
	GlobalSection(ExtensibilityGlobals) = postSolution
		SolutionGuid = {EA19088F-CD9E-4B5C-97D1-D1C4766CD23B}
	EndGlobalSection
EndGlobal
